
Microsoft Visual Studio Solution File, Format Version 12.00
# Visual Studio Version 17
VisualStudioVersion = 17.7.34024.191
MinimumVisualStudioVersion = 10.0.40219.1
Project("{8BC9CEB8-8B4A-11D0-8D11-00A0C91BC942}") = "Week1Opdracht1", "Week1Opdracht1.vcxproj", "{BD2A7DB9-55A2-4F92-9FC1-20A15B8F22CE}"
EndProject
Global
	GlobalSection(SolutionConfigurationPlatforms) = preSolution
		Debug|x64 = Debug|x64
		Debug|x86 = Debug|x86
		Release|x64 = Release|x64
		Release|x86 = Release|x86
	EndGlobalSection
	GlobalSection(ProjectConfigurationPlatforms) = postSolution
		{BD2A7DB9-55A2-4F92-9FC1-20A15B8F22CE}.Debug|x64.ActiveCfg = Debug|x64
		{BD2A7DB9-55A2-4F92-9FC1-20A15B8F22CE}.Debug|x64.Build.0 = Debug|x64
		{BD2A7DB9-55A2-4F92-9FC1-20A15B8F22CE}.Debug|x86.ActiveCfg = Debug|Win32
		{BD2A7DB9-55A2-4F92-9FC1-20A15B8F22CE}.Debug|x86.Build.0 = Debug|Win32
		{BD2A7DB9-55A2-4F92-9FC1-20A15B8F22CE}.Release|x64.ActiveCfg = Release|x64
		{BD2A7DB9-55A2-4F92-9FC1-20A15B8F22CE}.Release|x64.Build.0 = Release|x64
		{BD2A7DB9-55A2-4F92-9FC1-20A15B8F22CE}.Release|x86.ActiveCfg = Release|Win32
		{BD2A7DB9-55A2-4F92-9FC1-20A15B8F22CE}.Release|x86.Build.0 = Release|Win32
	EndGlobalSection
	GlobalSection(SolutionProperties) = preSolution
		HideSolutionNode = FALSE
	EndGlobalSection
	GlobalSection(ExtensibilityGlobals) = postSolution
		SolutionGuid = {CA23696F-5198-42DE-8EC0-0B5B9D199109}
	EndGlobalSection
EndGlobal
